
Microsoft Visual Studio Solution File, Format Version 12.00
# Visual Studio Version 16
VisualStudioVersion = 16.0.30011.22
MinimumVisualStudioVersion = 10.0.40219.1
Project("{FAE04EC0-301F-11D3-BF4B-00C04F79EFBC}") = "InversionDependenciaG03", "InversionDependenciaG03\InversionDependenciaG03.csproj", "{97FB856B-484C-4011-A80A-D673A2A8BCD2}"
EndProject
Global
	GlobalSection(SolutionConfigurationPlatforms) = preSolution
		Debug|Any CPU = Debug|Any CPU
		Release|Any CPU = Release|Any CPU
	EndGlobalSection
	GlobalSection(ProjectConfigurationPlatforms) = postSolution
		{97FB856B-484C-4011-A80A-D673A2A8BCD2}.Debug|Any CPU.ActiveCfg = Debug|Any CPU
		{97FB856B-484C-4011-A80A-D673A2A8BCD2}.Debug|Any CPU.Build.0 = Debug|Any CPU
		{97FB856B-484C-4011-A80A-D673A2A8BCD2}.Release|Any CPU.ActiveCfg = Release|Any CPU
		{97FB856B-484C-4011-A80A-D673A2A8BCD2}.Release|Any CPU.Build.0 = Release|Any CPU
	EndGlobalSection
	GlobalSection(SolutionProperties) = preSolution
		HideSolutionNode = FALSE
	EndGlobalSection
	GlobalSection(ExtensibilityGlobals) = postSolution
		SolutionGuid = {55D18257-C143-4023-81AD-6F7C1A4A969A}
	EndGlobalSection
EndGlobal
